# This file is automatically @generated by Cargo.
# It is not intended for manual editing.
version = 3

[[package]]
name = "dsu"
version = "0.1.0"
source = "git+https://github.com/mingendo/dsu.git?branch=main#9c365bdbb4003d2b400091bdfe4169a8188eba0c"

[[package]]
name = "libgraph"
version = "0.1.0"
dependencies = [
 "dsu",
]
